
Microsoft Visual Studio Solution File, Format Version 12.00
# Visual Studio Version 17
VisualStudioVersion = 17.12.35707.178
MinimumVisualStudioVersion = 10.0.40219.1
Project("{FAE04EC0-301F-11D3-BF4B-00C04F79EFBC}") = "AM.UI.Console", "AM.UI.Console\AM.UI.Console.csproj", "{0E210BA2-926B-4275-BECC-4AB64299B402}"
EndProject
Project("{FAE04EC0-301F-11D3-BF4B-00C04F79EFBC}") = "AM.Core.Domain", "AM.Core.Domain\AM.Core.Domain.csproj", "{22526D02-1E83-45F3-9AE5-2B3CAEAD368C}"
EndProject
Project("{FAE04EC0-301F-11D3-BF4B-00C04F79EFBC}") = "AM.Core.Services", "AM.Core.Services\AM.Core.Services.csproj", "{F7CC2900-1B8D-4033-A467-253EC3845975}"
EndProject
Project("{FAE04EC0-301F-11D3-BF4B-00C04F79EFBC}") = "AM.Data", "AM.Data\AM.Data.csproj", "{67C28E70-4F71-470F-8851-0833F4A9EB2A}"
EndProject
Global
	GlobalSection(SolutionConfigurationPlatforms) = preSolution
		Debug|Any CPU = Debug|Any CPU
		Release|Any CPU = Release|Any CPU
	EndGlobalSection
	GlobalSection(ProjectConfigurationPlatforms) = postSolution
		{0E210BA2-926B-4275-BECC-4AB64299B402}.Debug|Any CPU.ActiveCfg = Debug|Any CPU
		{0E210BA2-926B-4275-BECC-4AB64299B402}.Debug|Any CPU.Build.0 = Debug|Any CPU
		{0E210BA2-926B-4275-BECC-4AB64299B402}.Release|Any CPU.ActiveCfg = Release|Any CPU
		{0E210BA2-926B-4275-BECC-4AB64299B402}.Release|Any CPU.Build.0 = Release|Any CPU
		{22526D02-1E83-45F3-9AE5-2B3CAEAD368C}.Debug|Any CPU.ActiveCfg = Debug|Any CPU
		{22526D02-1E83-45F3-9AE5-2B3CAEAD368C}.Debug|Any CPU.Build.0 = Debug|Any CPU
		{22526D02-1E83-45F3-9AE5-2B3CAEAD368C}.Release|Any CPU.ActiveCfg = Release|Any CPU
		{22526D02-1E83-45F3-9AE5-2B3CAEAD368C}.Release|Any CPU.Build.0 = Release|Any CPU
		{F7CC2900-1B8D-4033-A467-253EC3845975}.Debug|Any CPU.ActiveCfg = Debug|Any CPU
		{F7CC2900-1B8D-4033-A467-253EC3845975}.Debug|Any CPU.Build.0 = Debug|Any CPU
		{F7CC2900-1B8D-4033-A467-253EC3845975}.Release|Any CPU.ActiveCfg = Release|Any CPU
		{F7CC2900-1B8D-4033-A467-253EC3845975}.Release|Any CPU.Build.0 = Release|Any CPU
		{67C28E70-4F71-470F-8851-0833F4A9EB2A}.Debug|Any CPU.ActiveCfg = Debug|Any CPU
		{67C28E70-4F71-470F-8851-0833F4A9EB2A}.Debug|Any CPU.Build.0 = Debug|Any CPU
		{67C28E70-4F71-470F-8851-0833F4A9EB2A}.Release|Any CPU.ActiveCfg = Release|Any CPU
		{67C28E70-4F71-470F-8851-0833F4A9EB2A}.Release|Any CPU.Build.0 = Release|Any CPU
	EndGlobalSection
	GlobalSection(SolutionProperties) = preSolution
		HideSolutionNode = FALSE
	EndGlobalSection
EndGlobal
